// !$*UTF8*$!
{
	archiveVersion = 1;
	classes = {
	};
	objectVersion = 46;
	objects = {

/* Begin PBXBuildFile section */
		140086F41445D92D009A94C4 /* POSTRequestBuilder.m in Sources */ = {isa = PBXBuildFile; fileRef = 140086F31445D92D009A94C4 /* POSTRequestBuilder.m */; };
		141FF5871423423000FC46F4 /* UIKit.framework in Frameworks */ = {isa = PBXBuildFile; fileRef = 141FF5861423423000FC46F4 /* UIKit.framework */; };
		141FF5891423423000FC46F4 /* Foundation.framework in Frameworks */ = {isa = PBXBuildFile; fileRef = 141FF5881423423000FC46F4 /* Foundation.framework */; };
		141FF58B1423423000FC46F4 /* CoreGraphics.framework in Frameworks */ = {isa = PBXBuildFile; fileRef = 141FF58A1423423000FC46F4 /* CoreGraphics.framework */; };
		141FF5911423423000FC46F4 /* InfoPlist.strings in Resources */ = {isa = PBXBuildFile; fileRef = 141FF58F1423423000FC46F4 /* InfoPlist.strings */; };
		141FF5931423423000FC46F4 /* main.m in Sources */ = {isa = PBXBuildFile; fileRef = 141FF5921423423000FC46F4 /* main.m */; };
		141FF5971423423000FC46F4 /* AppDelegate.m in Sources */ = {isa = PBXBuildFile; fileRef = 141FF5961423423000FC46F4 /* AppDelegate.m */; };
		141FF59A1423423000FC46F4 /* ViewController.m in Sources */ = {isa = PBXBuildFile; fileRef = 141FF5991423423000FC46F4 /* ViewController.m */; };
		141FF59D1423423000FC46F4 /* ViewController.xib in Resources */ = {isa = PBXBuildFile; fileRef = 141FF59B1423423000FC46F4 /* ViewController.xib */; };
		141FF5A51423515E00FC46F4 /* Reachability.m in Sources */ = {isa = PBXBuildFile; fileRef = 141FF5A41423515E00FC46F4 /* Reachability.m */; settings = {COMPILER_FLAGS = "-fno-objc-arc"; }; };
		141FF5B51423546800FC46F4 /* SystemConfiguration.framework in Frameworks */ = {isa = PBXBuildFile; fileRef = 141FF5B41423546700FC46F4 /* SystemConfiguration.framework */; };
		141FF5BD14235E6000FC46F4 /* Background.png in Resources */ = {isa = PBXBuildFile; fileRef = 141FF5BC14235E6000FC46F4 /* Background.png */; };
		141FF5BF14235FC800FC46F4 /* Default.png in Resources */ = {isa = PBXBuildFile; fileRef = 141FF5BE14235FC800FC46F4 /* Default.png */; };
		14264C051427726F00E44481 /* icon-mymed.png in Resources */ = {isa = PBXBuildFile; fileRef = 14264C041427726F00E44481 /* icon-mymed.png */; };
		14264C09142773D700E44481 /* UIDeviceHardware.m in Sources */ = {isa = PBXBuildFile; fileRef = 14264C08142773D700E44481 /* UIDeviceHardware.m */; };
		14264C0B142775A800E44481 /* error_iphone.html in Resources */ = {isa = PBXBuildFile; fileRef = 14264C0A142775A800E44481 /* error_iphone.html */; };
		1464B2CF144848820099C98B /* MyMedMessageDecoder.m in Sources */ = {isa = PBXBuildFile; fileRef = 1464B2CE144848820099C98B /* MyMedMessageDecoder.m */; };
		1464B2D3144873090099C98B /* WebObjCBridge.m in Sources */ = {isa = PBXBuildFile; fileRef = 1464B2D2144873090099C98B /* WebObjCBridge.m */; };
		147FB31014277EE600BD50FE /* mymed_ipad_icon.png in Resources */ = {isa = PBXBuildFile; fileRef = 147FB30F14277EE600BD50FE /* mymed_ipad_icon.png */; };
		149B64FC143C87F9008A341C /* LoginViewController.m in Sources */ = {isa = PBXBuildFile; fileRef = 149B64FA143C87F9008A341C /* LoginViewController.m */; };
		149B64FD143C87F9008A341C /* LoginViewController.xib in Resources */ = {isa = PBXBuildFile; fileRef = 149B64FB143C87F9008A341C /* LoginViewController.xib */; };
		149B6503143C93FE008A341C /* ConnectionStatusChecker.m in Sources */ = {isa = PBXBuildFile; fileRef = 149B6502143C93FE008A341C /* ConnectionStatusChecker.m */; };
		14B780A51427496100A8E3D4 /* Default-Landscape~ipad.png in Resources */ = {isa = PBXBuildFile; fileRef = 14B780A41427496100A8E3D4 /* Default-Landscape~ipad.png */; };
		14B780A714274A0500A8E3D4 /* Default-Portrait~ipad.png in Resources */ = {isa = PBXBuildFile; fileRef = 14B780A614274A0500A8E3D4 /* Default-Portrait~ipad.png */; };
		14B780AA14276AEC00A8E3D4 /* error_ipad.html in Resources */ = {isa = PBXBuildFile; fileRef = 14B780A814276AEC00A8E3D4 /* error_ipad.html */; };
		14B780AB14276AEC00A8E3D4 /* mymed_logo_small.png in Resources */ = {isa = PBXBuildFile; fileRef = 14B780A914276AEC00A8E3D4 /* mymed_logo_small.png */; };
		14DC479A143DCEF4008DE8DF /* NSObject+SBJson.m in Sources */ = {isa = PBXBuildFile; fileRef = 14DC4782143DCEF4008DE8DF /* NSObject+SBJson.m */; settings = {COMPILER_FLAGS = " -fno-objc-arc "; }; };
		14DC479B143DCEF4008DE8DF /* SBJsonParser.m in Sources */ = {isa = PBXBuildFile; fileRef = 14DC4785143DCEF4008DE8DF /* SBJsonParser.m */; settings = {COMPILER_FLAGS = " -fno-objc-arc "; }; };
		14DC479C143DCEF4008DE8DF /* SBJsonStreamParser.m in Sources */ = {isa = PBXBuildFile; fileRef = 14DC4787143DCEF4008DE8DF /* SBJsonStreamParser.m */; settings = {COMPILER_FLAGS = " -fno-objc-arc "; }; };
		14DC479D143DCEF4008DE8DF /* SBJsonStreamParserAccumulator.m in Sources */ = {isa = PBXBuildFile; fileRef = 14DC4789143DCEF4008DE8DF /* SBJsonStreamParserAccumulator.m */; settings = {COMPILER_FLAGS = " -fno-objc-arc "; }; };
		14DC479E143DCEF4008DE8DF /* SBJsonStreamParserAdapter.m in Sources */ = {isa = PBXBuildFile; fileRef = 14DC478B143DCEF4008DE8DF /* SBJsonStreamParserAdapter.m */; settings = {COMPILER_FLAGS = " -fno-objc-arc "; }; };
		14DC479F143DCEF4008DE8DF /* SBJsonStreamParserState.m in Sources */ = {isa = PBXBuildFile; fileRef = 14DC478D143DCEF4008DE8DF /* SBJsonStreamParserState.m */; settings = {COMPILER_FLAGS = " -fno-objc-arc "; }; };
		14DC47A0143DCEF4008DE8DF /* SBJsonStreamWriter.m in Sources */ = {isa = PBXBuildFile; fileRef = 14DC478F143DCEF4008DE8DF /* SBJsonStreamWriter.m */; settings = {COMPILER_FLAGS = " -fno-objc-arc "; }; };
		14DC47A1143DCEF4008DE8DF /* SBJsonStreamWriterAccumulator.m in Sources */ = {isa = PBXBuildFile; fileRef = 14DC4791143DCEF4008DE8DF /* SBJsonStreamWriterAccumulator.m */; settings = {COMPILER_FLAGS = " -fno-objc-arc "; }; };
		14DC47A2143DCEF4008DE8DF /* SBJsonStreamWriterState.m in Sources */ = {isa = PBXBuildFile; fileRef = 14DC4793143DCEF4008DE8DF /* SBJsonStreamWriterState.m */; settings = {COMPILER_FLAGS = " -fno-objc-arc "; }; };
		14DC47A3143DCEF4008DE8DF /* SBJsonTokeniser.m in Sources */ = {isa = PBXBuildFile; fileRef = 14DC4795143DCEF4008DE8DF /* SBJsonTokeniser.m */; settings = {COMPILER_FLAGS = " -fno-objc-arc "; }; };
		14DC47A4143DCEF4008DE8DF /* SBJsonUTF8Stream.m in Sources */ = {isa = PBXBuildFile; fileRef = 14DC4797143DCEF4008DE8DF /* SBJsonUTF8Stream.m */; settings = {COMPILER_FLAGS = " -fno-objc-arc "; }; };
		14DC47A5143DCEF4008DE8DF /* SBJsonWriter.m in Sources */ = {isa = PBXBuildFile; fileRef = 14DC4799143DCEF4008DE8DF /* SBJsonWriter.m */; settings = {COMPILER_FLAGS = " -fno-objc-arc "; }; };
		14DC47A9143E0583008DE8DF /* SHA1Encoder.m in Sources */ = {isa = PBXBuildFile; fileRef = 14DC47A8143E0583008DE8DF /* SHA1Encoder.m */; };
		14DC47BC143E0B3A008DE8DF /* Base64Transcoder.c in Sources */ = {isa = PBXBuildFile; fileRef = 14DC47BB143E0B3A008DE8DF /* Base64Transcoder.c */; };
/* End PBXBuildFile section */

/* Begin PBXFileReference section */
		140086F21445D92C009A94C4 /* POSTRequestBuilder.h */ = {isa = PBXFileReference; fileEncoding = 4; lastKnownFileType = sourcecode.c.h; path = POSTRequestBuilder.h; sourceTree = "<group>"; };
		140086F31445D92D009A94C4 /* POSTRequestBuilder.m */ = {isa = PBXFileReference; fileEncoding = 4; lastKnownFileType = sourcecode.c.objc; path = POSTRequestBuilder.m; sourceTree = "<group>"; };
		141FF5821423423000FC46F4 /* MyMed.app */ = {isa = PBXFileReference; explicitFileType = wrapper.application; includeInIndex = 0; path = MyMed.app; sourceTree = BUILT_PRODUCTS_DIR; };
		141FF5861423423000FC46F4 /* UIKit.framework */ = {isa = PBXFileReference; lastKnownFileType = wrapper.framework; name = UIKit.framework; path = System/Library/Frameworks/UIKit.framework; sourceTree = SDKROOT; };
		141FF5881423423000FC46F4 /* Foundation.framework */ = {isa = PBXFileReference; lastKnownFileType = wrapper.framework; name = Foundation.framework; path = System/Library/Frameworks/Foundation.framework; sourceTree = SDKROOT; };
		141FF58A1423423000FC46F4 /* CoreGraphics.framework */ = {isa = PBXFileReference; lastKnownFileType = wrapper.framework; name = CoreGraphics.framework; path = System/Library/Frameworks/CoreGraphics.framework; sourceTree = SDKROOT; };
		141FF58E1423423000FC46F4 /* MyMed-Info.plist */ = {isa = PBXFileReference; lastKnownFileType = text.plist.xml; path = "MyMed-Info.plist"; sourceTree = "<group>"; };
		141FF5901423423000FC46F4 /* en */ = {isa = PBXFileReference; lastKnownFileType = text.plist.strings; name = en; path = en.lproj/InfoPlist.strings; sourceTree = "<group>"; };
		141FF5921423423000FC46F4 /* main.m */ = {isa = PBXFileReference; lastKnownFileType = sourcecode.c.objc; path = main.m; sourceTree = "<group>"; };
		141FF5941423423000FC46F4 /* MyMed-Prefix.pch */ = {isa = PBXFileReference; lastKnownFileType = sourcecode.c.h; path = "MyMed-Prefix.pch"; sourceTree = "<group>"; };
		141FF5951423423000FC46F4 /* AppDelegate.h */ = {isa = PBXFileReference; lastKnownFileType = sourcecode.c.h; path = AppDelegate.h; sourceTree = "<group>"; };
		141FF5961423423000FC46F4 /* AppDelegate.m */ = {isa = PBXFileReference; lastKnownFileType = sourcecode.c.objc; path = AppDelegate.m; sourceTree = "<group>"; };
		141FF5981423423000FC46F4 /* ViewController.h */ = {isa = PBXFileReference; lastKnownFileType = sourcecode.c.h; path = ViewController.h; sourceTree = "<group>"; };
		141FF5991423423000FC46F4 /* ViewController.m */ = {isa = PBXFileReference; lastKnownFileType = sourcecode.c.objc; path = ViewController.m; sourceTree = "<group>"; };
		141FF59C1423423000FC46F4 /* en */ = {isa = PBXFileReference; lastKnownFileType = file.xib; name = en; path = en.lproj/ViewController.xib; sourceTree = "<group>"; };
		141FF5A31423515E00FC46F4 /* Reachability.h */ = {isa = PBXFileReference; fileEncoding = 4; lastKnownFileType = sourcecode.c.h; path = Reachability.h; sourceTree = "<group>"; };
		141FF5A41423515E00FC46F4 /* Reachability.m */ = {isa = PBXFileReference; fileEncoding = 4; lastKnownFileType = sourcecode.c.objc; path = Reachability.m; sourceTree = "<group>"; };
		141FF5B41423546700FC46F4 /* SystemConfiguration.framework */ = {isa = PBXFileReference; lastKnownFileType = wrapper.framework; name = SystemConfiguration.framework; path = System/Library/Frameworks/SystemConfiguration.framework; sourceTree = SDKROOT; };
		141FF5BC14235E6000FC46F4 /* Background.png */ = {isa = PBXFileReference; lastKnownFileType = image.png; path = Background.png; sourceTree = "<group>"; };
		141FF5BE14235FC800FC46F4 /* Default.png */ = {isa = PBXFileReference; lastKnownFileType = image.png; path = Default.png; sourceTree = "<group>"; };
		14264C041427726F00E44481 /* icon-mymed.png */ = {isa = PBXFileReference; lastKnownFileType = image.png; name = "icon-mymed.png"; path = "../icon-mymed.png"; sourceTree = "<group>"; };
		14264C07142773D700E44481 /* UIDeviceHardware.h */ = {isa = PBXFileReference; fileEncoding = 4; lastKnownFileType = sourcecode.c.h; path = UIDeviceHardware.h; sourceTree = "<group>"; };
		14264C08142773D700E44481 /* UIDeviceHardware.m */ = {isa = PBXFileReference; fileEncoding = 4; lastKnownFileType = sourcecode.c.objc; path = UIDeviceHardware.m; sourceTree = "<group>"; };
		14264C0A142775A800E44481 /* error_iphone.html */ = {isa = PBXFileReference; fileEncoding = 4; lastKnownFileType = text.html; path = error_iphone.html; sourceTree = "<group>"; };
		1464B2CD144848820099C98B /* MyMedMessageDecoder.h */ = {isa = PBXFileReference; fileEncoding = 4; lastKnownFileType = sourcecode.c.h; path = MyMedMessageDecoder.h; sourceTree = "<group>"; };
		1464B2CE144848820099C98B /* MyMedMessageDecoder.m */ = {isa = PBXFileReference; fileEncoding = 4; lastKnownFileType = sourcecode.c.objc; path = MyMedMessageDecoder.m; sourceTree = "<group>"; };
		1464B2D1144873090099C98B /* WebObjCBridge.h */ = {isa = PBXFileReference; fileEncoding = 4; lastKnownFileType = sourcecode.c.h; path = WebObjCBridge.h; sourceTree = "<group>"; };
		1464B2D2144873090099C98B /* WebObjCBridge.m */ = {isa = PBXFileReference; fileEncoding = 4; lastKnownFileType = sourcecode.c.objc; path = WebObjCBridge.m; sourceTree = "<group>"; };
		147FB30F14277EE600BD50FE /* mymed_ipad_icon.png */ = {isa = PBXFileReference; lastKnownFileType = image.png; name = mymed_ipad_icon.png; path = ../mymed_ipad_icon.png; sourceTree = "<group>"; };
		149B64F9143C87F9008A341C /* LoginViewController.h */ = {isa = PBXFileReference; fileEncoding = 4; lastKnownFileType = sourcecode.c.h; path = LoginViewController.h; sourceTree = "<group>"; };
		149B64FA143C87F9008A341C /* LoginViewController.m */ = {isa = PBXFileReference; fileEncoding = 4; lastKnownFileType = sourcecode.c.objc; path = LoginViewController.m; sourceTree = "<group>"; };
		149B64FB143C87F9008A341C /* LoginViewController.xib */ = {isa = PBXFileReference; fileEncoding = 4; lastKnownFileType = file.xib; path = LoginViewController.xib; sourceTree = "<group>"; };
		149B6501143C93FE008A341C /* ConnectionStatusChecker.h */ = {isa = PBXFileReference; fileEncoding = 4; lastKnownFileType = sourcecode.c.h; path = ConnectionStatusChecker.h; sourceTree = "<group>"; };
		149B6502143C93FE008A341C /* ConnectionStatusChecker.m */ = {isa = PBXFileReference; fileEncoding = 4; lastKnownFileType = sourcecode.c.objc; path = ConnectionStatusChecker.m; sourceTree = "<group>"; };
		14B780A41427496100A8E3D4 /* Default-Landscape~ipad.png */ = {isa = PBXFileReference; lastKnownFileType = image.png; name = "Default-Landscape~ipad.png"; path = "../Default-Landscape~ipad.png"; sourceTree = "<group>"; };
		14B780A614274A0500A8E3D4 /* Default-Portrait~ipad.png */ = {isa = PBXFileReference; lastKnownFileType = image.png; name = "Default-Portrait~ipad.png"; path = "../Default-Portrait~ipad.png"; sourceTree = "<group>"; };
		14B780A814276AEC00A8E3D4 /* error_ipad.html */ = {isa = PBXFileReference; fileEncoding = 4; lastKnownFileType = text.html; path = error_ipad.html; sourceTree = "<group>"; };
		14B780A914276AEC00A8E3D4 /* mymed_logo_small.png */ = {isa = PBXFileReference; lastKnownFileType = image.png; path = mymed_logo_small.png; sourceTree = "<group>"; };
		14DC4781143DCEF4008DE8DF /* NSObject+SBJson.h */ = {isa = PBXFileReference; fileEncoding = 4; lastKnownFileType = sourcecode.c.h; path = "NSObject+SBJson.h"; sourceTree = "<group>"; };
		14DC4782143DCEF4008DE8DF /* NSObject+SBJson.m */ = {isa = PBXFileReference; fileEncoding = 4; lastKnownFileType = sourcecode.c.objc; path = "NSObject+SBJson.m"; sourceTree = "<group>"; };
		14DC4783143DCEF4008DE8DF /* SBJson.h */ = {isa = PBXFileReference; fileEncoding = 4; lastKnownFileType = sourcecode.c.h; path = SBJson.h; sourceTree = "<group>"; };
		14DC4784143DCEF4008DE8DF /* SBJsonParser.h */ = {isa = PBXFileReference; fileEncoding = 4; lastKnownFileType = sourcecode.c.h; path = SBJsonParser.h; sourceTree = "<group>"; };
		14DC4785143DCEF4008DE8DF /* SBJsonParser.m */ = {isa = PBXFileReference; fileEncoding = 4; lastKnownFileType = sourcecode.c.objc; path = SBJsonParser.m; sourceTree = "<group>"; };
		14DC4786143DCEF4008DE8DF /* SBJsonStreamParser.h */ = {isa = PBXFileReference; fileEncoding = 4; lastKnownFileType = sourcecode.c.h; path = SBJsonStreamParser.h; sourceTree = "<group>"; };
		14DC4787143DCEF4008DE8DF /* SBJsonStreamParser.m */ = {isa = PBXFileReference; fileEncoding = 4; lastKnownFileType = sourcecode.c.objc; path = SBJsonStreamParser.m; sourceTree = "<group>"; };
		14DC4788143DCEF4008DE8DF /* SBJsonStreamParserAccumulator.h */ = {isa = PBXFileReference; fileEncoding = 4; lastKnownFileType = sourcecode.c.h; path = SBJsonStreamParserAccumulator.h; sourceTree = "<group>"; };
		14DC4789143DCEF4008DE8DF /* SBJsonStreamParserAccumulator.m */ = {isa = PBXFileReference; fileEncoding = 4; lastKnownFileType = sourcecode.c.objc; path = SBJsonStreamParserAccumulator.m; sourceTree = "<group>"; };
		14DC478A143DCEF4008DE8DF /* SBJsonStreamParserAdapter.h */ = {isa = PBXFileReference; fileEncoding = 4; lastKnownFileType = sourcecode.c.h; path = SBJsonStreamParserAdapter.h; sourceTree = "<group>"; };
		14DC478B143DCEF4008DE8DF /* SBJsonStreamParserAdapter.m */ = {isa = PBXFileReference; fileEncoding = 4; lastKnownFileType = sourcecode.c.objc; path = SBJsonStreamParserAdapter.m; sourceTree = "<group>"; };
		14DC478C143DCEF4008DE8DF /* SBJsonStreamParserState.h */ = {isa = PBXFileReference; fileEncoding = 4; lastKnownFileType = sourcecode.c.h; path = SBJsonStreamParserState.h; sourceTree = "<group>"; };
		14DC478D143DCEF4008DE8DF /* SBJsonStreamParserState.m */ = {isa = PBXFileReference; fileEncoding = 4; lastKnownFileType = sourcecode.c.objc; path = SBJsonStreamParserState.m; sourceTree = "<group>"; };
		14DC478E143DCEF4008DE8DF /* SBJsonStreamWriter.h */ = {isa = PBXFileReference; fileEncoding = 4; lastKnownFileType = sourcecode.c.h; path = SBJsonStreamWriter.h; sourceTree = "<group>"; };
		14DC478F143DCEF4008DE8DF /* SBJsonStreamWriter.m */ = {isa = PBXFileReference; fileEncoding = 4; lastKnownFileType = sourcecode.c.objc; path = SBJsonStreamWriter.m; sourceTree = "<group>"; };
		14DC4790143DCEF4008DE8DF /* SBJsonStreamWriterAccumulator.h */ = {isa = PBXFileReference; fileEncoding = 4; lastKnownFileType = sourcecode.c.h; path = SBJsonStreamWriterAccumulator.h; sourceTree = "<group>"; };
		14DC4791143DCEF4008DE8DF /* SBJsonStreamWriterAccumulator.m */ = {isa = PBXFileReference; fileEncoding = 4; lastKnownFileType = sourcecode.c.objc; path = SBJsonStreamWriterAccumulator.m; sourceTree = "<group>"; };
		14DC4792143DCEF4008DE8DF /* SBJsonStreamWriterState.h */ = {isa = PBXFileReference; fileEncoding = 4; lastKnownFileType = sourcecode.c.h; path = SBJsonStreamWriterState.h; sourceTree = "<group>"; };
		14DC4793143DCEF4008DE8DF /* SBJsonStreamWriterState.m */ = {isa = PBXFileReference; fileEncoding = 4; lastKnownFileType = sourcecode.c.objc; path = SBJsonStreamWriterState.m; sourceTree = "<group>"; };
		14DC4794143DCEF4008DE8DF /* SBJsonTokeniser.h */ = {isa = PBXFileReference; fileEncoding = 4; lastKnownFileType = sourcecode.c.h; path = SBJsonTokeniser.h; sourceTree = "<group>"; };
		14DC4795143DCEF4008DE8DF /* SBJsonTokeniser.m */ = {isa = PBXFileReference; fileEncoding = 4; lastKnownFileType = sourcecode.c.objc; path = SBJsonTokeniser.m; sourceTree = "<group>"; };
		14DC4796143DCEF4008DE8DF /* SBJsonUTF8Stream.h */ = {isa = PBXFileReference; fileEncoding = 4; lastKnownFileType = sourcecode.c.h; path = SBJsonUTF8Stream.h; sourceTree = "<group>"; };
		14DC4797143DCEF4008DE8DF /* SBJsonUTF8Stream.m */ = {isa = PBXFileReference; fileEncoding = 4; lastKnownFileType = sourcecode.c.objc; path = SBJsonUTF8Stream.m; sourceTree = "<group>"; };
		14DC4798143DCEF4008DE8DF /* SBJsonWriter.h */ = {isa = PBXFileReference; fileEncoding = 4; lastKnownFileType = sourcecode.c.h; path = SBJsonWriter.h; sourceTree = "<group>"; };
		14DC4799143DCEF4008DE8DF /* SBJsonWriter.m */ = {isa = PBXFileReference; fileEncoding = 4; lastKnownFileType = sourcecode.c.objc; path = SBJsonWriter.m; sourceTree = "<group>"; };
		14DC47A7143E0583008DE8DF /* SHA1Encoder.h */ = {isa = PBXFileReference; fileEncoding = 4; lastKnownFileType = sourcecode.c.h; path = SHA1Encoder.h; sourceTree = "<group>"; };
		14DC47A8143E0583008DE8DF /* SHA1Encoder.m */ = {isa = PBXFileReference; fileEncoding = 4; lastKnownFileType = sourcecode.c.objc; path = SHA1Encoder.m; sourceTree = "<group>"; };
		14DC47BA143E0B16008DE8DF /* Base64Transcoder.h */ = {isa = PBXFileReference; fileEncoding = 4; lastKnownFileType = sourcecode.c.h; path = Base64Transcoder.h; sourceTree = "<group>"; };
		14DC47BB143E0B3A008DE8DF /* Base64Transcoder.c */ = {isa = PBXFileReference; fileEncoding = 4; lastKnownFileType = sourcecode.c.c; path = Base64Transcoder.c; sourceTree = "<group>"; };
/* End PBXFileReference section */

/* Begin PBXFrameworksBuildPhase section */
		141FF57F1423423000FC46F4 /* Frameworks */ = {
			isa = PBXFrameworksBuildPhase;
			buildActionMask = 2147483647;
			files = (
				141FF5B51423546800FC46F4 /* SystemConfiguration.framework in Frameworks */,
				141FF5871423423000FC46F4 /* UIKit.framework in Frameworks */,
				141FF5891423423000FC46F4 /* Foundation.framework in Frameworks */,
				141FF58B1423423000FC46F4 /* CoreGraphics.framework in Frameworks */,
			);
			runOnlyForDeploymentPostprocessing = 0;
		};
/* End PBXFrameworksBuildPhase section */

/* Begin PBXGroup section */
		141FF5771423423000FC46F4 = {
			isa = PBXGroup;
			children = (
				141FF58C1423423000FC46F4 /* MyMed */,
				141FF5851423423000FC46F4 /* Frameworks */,
				141FF5831423423000FC46F4 /* Products */,
			);
			sourceTree = "<group>";
		};
		141FF5831423423000FC46F4 /* Products */ = {
			isa = PBXGroup;
			children = (
				141FF5821423423000FC46F4 /* MyMed.app */,
			);
			name = Products;
			sourceTree = "<group>";
		};
		141FF5851423423000FC46F4 /* Frameworks */ = {
			isa = PBXGroup;
			children = (
				141FF5B41423546700FC46F4 /* SystemConfiguration.framework */,
				141FF5861423423000FC46F4 /* UIKit.framework */,
				141FF5881423423000FC46F4 /* Foundation.framework */,
				141FF58A1423423000FC46F4 /* CoreGraphics.framework */,
			);
			name = Frameworks;
			sourceTree = "<group>";
		};
		141FF58C1423423000FC46F4 /* MyMed */ = {
			isa = PBXGroup;
			children = (
				149B64FF143C934B008A341C /* Views */,
				149B64FE143C9345008A341C /* Model - MyMed */,
				141FF5951423423000FC46F4 /* AppDelegate.h */,
				141FF5961423423000FC46F4 /* AppDelegate.m */,
				141FF58D1423423000FC46F4 /* Supporting Files */,
			);
			path = MyMed;
			sourceTree = "<group>";
		};
		141FF58D1423423000FC46F4 /* Supporting Files */ = {
			isa = PBXGroup;
			children = (
				14B780AC14276AF000A8E3D4 /* Error Webpage */,
				14B780A614274A0500A8E3D4 /* Default-Portrait~ipad.png */,
				14B780A41427496100A8E3D4 /* Default-Landscape~ipad.png */,
				14264C041427726F00E44481 /* icon-mymed.png */,
				141FF5BC14235E6000FC46F4 /* Background.png */,
				141FF5BE14235FC800FC46F4 /* Default.png */,
				147FB30F14277EE600BD50FE /* mymed_ipad_icon.png */,
				141FF58E1423423000FC46F4 /* MyMed-Info.plist */,
				141FF58F1423423000FC46F4 /* InfoPlist.strings */,
				141FF5921423423000FC46F4 /* main.m */,
				141FF5941423423000FC46F4 /* MyMed-Prefix.pch */,
			);
			name = "Supporting Files";
			sourceTree = "<group>";
		};
		141FF5A61423516100FC46F4 /* External */ = {
			isa = PBXGroup;
			children = (
				14DC4780143DCEF4008DE8DF /* SBJSON */,
				141FF5A31423515E00FC46F4 /* Reachability.h */,
				141FF5A41423515E00FC46F4 /* Reachability.m */,
				14264C07142773D700E44481 /* UIDeviceHardware.h */,
				14264C08142773D700E44481 /* UIDeviceHardware.m */,
				14DC47BA143E0B16008DE8DF /* Base64Transcoder.h */,
				14DC47BB143E0B3A008DE8DF /* Base64Transcoder.c */,
			);
			name = External;
			sourceTree = "<group>";
		};
		141FF5A71423517000FC46F4 /* WebView */ = {
			isa = PBXGroup;
			children = (
				141FF5981423423000FC46F4 /* ViewController.h */,
				141FF5991423423000FC46F4 /* ViewController.m */,
				141FF59B1423423000FC46F4 /* ViewController.xib */,
			);
			name = WebView;
			sourceTree = "<group>";
		};
		149B64F8143C87C2008A341C /* LoginView */ = {
			isa = PBXGroup;
			children = (
				149B64F9143C87F9008A341C /* LoginViewController.h */,
				149B64FA143C87F9008A341C /* LoginViewController.m */,
				149B64FB143C87F9008A341C /* LoginViewController.xib */,
			);
			name = LoginView;
			sourceTree = "<group>";
		};
		149B64FE143C9345008A341C /* Model - MyMed */ = {
			isa = PBXGroup;
			children = (
				141FF5A61423516100FC46F4 /* External */,
				149B6501143C93FE008A341C /* ConnectionStatusChecker.h */,
				149B6502143C93FE008A341C /* ConnectionStatusChecker.m */,
				140086F21445D92C009A94C4 /* POSTRequestBuilder.h */,
				140086F31445D92D009A94C4 /* POSTRequestBuilder.m */,
				14DC47A7143E0583008DE8DF /* SHA1Encoder.h */,
				14DC47A8143E0583008DE8DF /* SHA1Encoder.m */,
				1464B2CD144848820099C98B /* MyMedMessageDecoder.h */,
				1464B2CE144848820099C98B /* MyMedMessageDecoder.m */,
				1464B2D1144873090099C98B /* WebObjCBridge.h */,
				1464B2D2144873090099C98B /* WebObjCBridge.m */,
			);
			name = "Model - MyMed";
			sourceTree = "<group>";
		};
		149B64FF143C934B008A341C /* Views */ = {
			isa = PBXGroup;
			children = (
				141FF5A71423517000FC46F4 /* WebView */,
				149B64F8143C87C2008A341C /* LoginView */,
			);
			name = Views;
			sourceTree = "<group>";
		};
		14B780AC14276AF000A8E3D4 /* Error Webpage */ = {
			isa = PBXGroup;
			children = (
				14264C0A142775A800E44481 /* error_iphone.html */,
				14B780A814276AEC00A8E3D4 /* error_ipad.html */,
				14B780A914276AEC00A8E3D4 /* mymed_logo_small.png */,
			);
			name = "Error Webpage";
			sourceTree = "<group>";
		};
		14DC4780143DCEF4008DE8DF /* SBJSON */ = {
			isa = PBXGroup;
			children = (
				14DC4781143DCEF4008DE8DF /* NSObject+SBJson.h */,
				14DC4782143DCEF4008DE8DF /* NSObject+SBJson.m */,
				14DC4783143DCEF4008DE8DF /* SBJson.h */,
				14DC4784143DCEF4008DE8DF /* SBJsonParser.h */,
				14DC4785143DCEF4008DE8DF /* SBJsonParser.m */,
				14DC4786143DCEF4008DE8DF /* SBJsonStreamParser.h */,
				14DC4787143DCEF4008DE8DF /* SBJsonStreamParser.m */,
				14DC4788143DCEF4008DE8DF /* SBJsonStreamParserAccumulator.h */,
				14DC4789143DCEF4008DE8DF /* SBJsonStreamParserAccumulator.m */,
				14DC478A143DCEF4008DE8DF /* SBJsonStreamParserAdapter.h */,
				14DC478B143DCEF4008DE8DF /* SBJsonStreamParserAdapter.m */,
				14DC478C143DCEF4008DE8DF /* SBJsonStreamParserState.h */,
				14DC478D143DCEF4008DE8DF /* SBJsonStreamParserState.m */,
				14DC478E143DCEF4008DE8DF /* SBJsonStreamWriter.h */,
				14DC478F143DCEF4008DE8DF /* SBJsonStreamWriter.m */,
				14DC4790143DCEF4008DE8DF /* SBJsonStreamWriterAccumulator.h */,
				14DC4791143DCEF4008DE8DF /* SBJsonStreamWriterAccumulator.m */,
				14DC4792143DCEF4008DE8DF /* SBJsonStreamWriterState.h */,
				14DC4793143DCEF4008DE8DF /* SBJsonStreamWriterState.m */,
				14DC4794143DCEF4008DE8DF /* SBJsonTokeniser.h */,
				14DC4795143DCEF4008DE8DF /* SBJsonTokeniser.m */,
				14DC4796143DCEF4008DE8DF /* SBJsonUTF8Stream.h */,
				14DC4797143DCEF4008DE8DF /* SBJsonUTF8Stream.m */,
				14DC4798143DCEF4008DE8DF /* SBJsonWriter.h */,
				14DC4799143DCEF4008DE8DF /* SBJsonWriter.m */,
			);
			name = SBJSON;
			path = Classes;
			sourceTree = "<group>";
		};
/* End PBXGroup section */

/* Begin PBXNativeTarget section */
		141FF5811423423000FC46F4 /* MyMed */ = {
			isa = PBXNativeTarget;
			buildConfigurationList = 141FF5A01423423000FC46F4 /* Build configuration list for PBXNativeTarget "MyMed" */;
			buildPhases = (
				141FF57E1423423000FC46F4 /* Sources */,
				141FF57F1423423000FC46F4 /* Frameworks */,
				141FF5801423423000FC46F4 /* Resources */,
			);
			buildRules = (
			);
			dependencies = (
			);
			name = MyMed;
			productName = MyMed;
			productReference = 141FF5821423423000FC46F4 /* MyMed.app */;
			productType = "com.apple.product-type.application";
		};
/* End PBXNativeTarget section */

/* Begin PBXProject section */
		141FF5791423423000FC46F4 /* Project object */ = {
			isa = PBXProject;
			attributes = {
				LastUpgradeCheck = 0420;
				ORGANIZATIONNAME = GandoGames;
			};
			buildConfigurationList = 141FF57C1423423000FC46F4 /* Build configuration list for PBXProject "MyMed" */;
			compatibilityVersion = "Xcode 3.2";
			developmentRegion = English;
			hasScannedForEncodings = 0;
			knownRegions = (
				en,
			);
			mainGroup = 141FF5771423423000FC46F4;
			productRefGroup = 141FF5831423423000FC46F4 /* Products */;
			projectDirPath = "";
			projectRoot = "";
			targets = (
				141FF5811423423000FC46F4 /* MyMed */,
			);
		};
/* End PBXProject section */

/* Begin PBXResourcesBuildPhase section */
		141FF5801423423000FC46F4 /* Resources */ = {
			isa = PBXResourcesBuildPhase;
			buildActionMask = 2147483647;
			files = (
				141FF5911423423000FC46F4 /* InfoPlist.strings in Resources */,
				141FF59D1423423000FC46F4 /* ViewController.xib in Resources */,
				141FF5BD14235E6000FC46F4 /* Background.png in Resources */,
				141FF5BF14235FC800FC46F4 /* Default.png in Resources */,
				14B780A51427496100A8E3D4 /* Default-Landscape~ipad.png in Resources */,
				14B780A714274A0500A8E3D4 /* Default-Portrait~ipad.png in Resources */,
				14B780AA14276AEC00A8E3D4 /* error_ipad.html in Resources */,
				14B780AB14276AEC00A8E3D4 /* mymed_logo_small.png in Resources */,
				14264C051427726F00E44481 /* icon-mymed.png in Resources */,
				14264C0B142775A800E44481 /* error_iphone.html in Resources */,
				147FB31014277EE600BD50FE /* mymed_ipad_icon.png in Resources */,
				149B64FD143C87F9008A341C /* LoginViewController.xib in Resources */,
			);
			runOnlyForDeploymentPostprocessing = 0;
		};
/* End PBXResourcesBuildPhase section */

/* Begin PBXSourcesBuildPhase section */
		141FF57E1423423000FC46F4 /* Sources */ = {
			isa = PBXSourcesBuildPhase;
			buildActionMask = 2147483647;
			files = (
				141FF5931423423000FC46F4 /* main.m in Sources */,
				141FF5971423423000FC46F4 /* AppDelegate.m in Sources */,
				141FF59A1423423000FC46F4 /* ViewController.m in Sources */,
				141FF5A51423515E00FC46F4 /* Reachability.m in Sources */,
				14264C09142773D700E44481 /* UIDeviceHardware.m in Sources */,
				149B64FC143C87F9008A341C /* LoginViewController.m in Sources */,
				149B6503143C93FE008A341C /* ConnectionStatusChecker.m in Sources */,
				14DC479A143DCEF4008DE8DF /* NSObject+SBJson.m in Sources */,
				14DC479B143DCEF4008DE8DF /* SBJsonParser.m in Sources */,
				14DC479C143DCEF4008DE8DF /* SBJsonStreamParser.m in Sources */,
				14DC479D143DCEF4008DE8DF /* SBJsonStreamParserAccumulator.m in Sources */,
				14DC479E143DCEF4008DE8DF /* SBJsonStreamParserAdapter.m in Sources */,
				14DC479F143DCEF4008DE8DF /* SBJsonStreamParserState.m in Sources */,
				14DC47A0143DCEF4008DE8DF /* SBJsonStreamWriter.m in Sources */,
				14DC47A1143DCEF4008DE8DF /* SBJsonStreamWriterAccumulator.m in Sources */,
				14DC47A2143DCEF4008DE8DF /* SBJsonStreamWriterState.m in Sources */,
				14DC47A3143DCEF4008DE8DF /* SBJsonTokeniser.m in Sources */,
				14DC47A4143DCEF4008DE8DF /* SBJsonUTF8Stream.m in Sources */,
				14DC47A5143DCEF4008DE8DF /* SBJsonWriter.m in Sources */,
				14DC47A9143E0583008DE8DF /* SHA1Encoder.m in Sources */,
				14DC47BC143E0B3A008DE8DF /* Base64Transcoder.c in Sources */,
				140086F41445D92D009A94C4 /* POSTRequestBuilder.m in Sources */,
				1464B2CF144848820099C98B /* MyMedMessageDecoder.m in Sources */,
				1464B2D3144873090099C98B /* WebObjCBridge.m in Sources */,
			);
			runOnlyForDeploymentPostprocessing = 0;
		};
/* End PBXSourcesBuildPhase section */

/* Begin PBXVariantGroup section */
		141FF58F1423423000FC46F4 /* InfoPlist.strings */ = {
			isa = PBXVariantGroup;
			children = (
				141FF5901423423000FC46F4 /* en */,
			);
			name = InfoPlist.strings;
			sourceTree = "<group>";
		};
		141FF59B1423423000FC46F4 /* ViewController.xib */ = {
			isa = PBXVariantGroup;
			children = (
				141FF59C1423423000FC46F4 /* en */,
			);
			name = ViewController.xib;
			sourceTree = "<group>";
		};
/* End PBXVariantGroup section */

/* Begin XCBuildConfiguration section */
		141FF59E1423423000FC46F4 /* Debug */ = {
			isa = XCBuildConfiguration;
			buildSettings = {
				ALWAYS_SEARCH_USER_PATHS = NO;
				ARCHS = "$(ARCHS_STANDARD_32_BIT)";
				CLANG_ENABLE_OBJC_ARC = YES;
				"CODE_SIGN_IDENTITY[sdk=iphoneos*]" = "iPhone Developer";
				COPY_PHASE_STRIP = NO;
				GCC_C_LANGUAGE_STANDARD = gnu99;
				GCC_DYNAMIC_NO_PIC = NO;
				GCC_OPTIMIZATION_LEVEL = 0;
				GCC_PREPROCESSOR_DEFINITIONS = (
					"DEBUG=1",
					"$(inherited)",
				);
				GCC_SYMBOLS_PRIVATE_EXTERN = NO;
				GCC_VERSION = com.apple.compilers.llvm.clang.1_0;
				GCC_WARN_ABOUT_MISSING_PROTOTYPES = YES;
				GCC_WARN_ABOUT_RETURN_TYPE = YES;
				GCC_WARN_UNUSED_VARIABLE = YES;
				IPHONEOS_DEPLOYMENT_TARGET = 5.0;
				SDKROOT = iphoneos;
			};
			name = Debug;
		};
		141FF59F1423423000FC46F4 /* Release */ = {
			isa = XCBuildConfiguration;
			buildSettings = {
				ALWAYS_SEARCH_USER_PATHS = NO;
				ARCHS = "$(ARCHS_STANDARD_32_BIT)";
				CLANG_ENABLE_OBJC_ARC = YES;
				"CODE_SIGN_IDENTITY[sdk=iphoneos*]" = "iPhone Developer";
				COPY_PHASE_STRIP = YES;
				GCC_C_LANGUAGE_STANDARD = gnu99;
				GCC_VERSION = com.apple.compilers.llvm.clang.1_0;
				GCC_WARN_ABOUT_MISSING_PROTOTYPES = YES;
				GCC_WARN_ABOUT_RETURN_TYPE = YES;
				GCC_WARN_UNUSED_VARIABLE = YES;
				IPHONEOS_DEPLOYMENT_TARGET = 5.0;
				OTHER_CFLAGS = "-DNS_BLOCK_ASSERTIONS=1";
				SDKROOT = iphoneos;
				VALIDATE_PRODUCT = YES;
			};
			name = Release;
		};
		141FF5A11423423000FC46F4 /* Debug */ = {
			isa = XCBuildConfiguration;
			buildSettings = {
				GCC_PRECOMPILE_PREFIX_HEADER = YES;
				GCC_PREFIX_HEADER = "MyMed/MyMed-Prefix.pch";
				INFOPLIST_FILE = "MyMed/MyMed-Info.plist";
				IPHONEOS_DEPLOYMENT_TARGET = 4.3;
				OTHER_LDFLAGS = (
					"-all_load",
					"-ObjC",
				);
				PRODUCT_NAME = "$(TARGET_NAME)";
				TARGETED_DEVICE_FAMILY = "1,2";
				WRAPPER_EXTENSION = app;
			};
			name = Debug;
		};
		141FF5A21423423000FC46F4 /* Release */ = {
			isa = XCBuildConfiguration;
			buildSettings = {
				GCC_PRECOMPILE_PREFIX_HEADER = YES;
				GCC_PREFIX_HEADER = "MyMed/MyMed-Prefix.pch";
				INFOPLIST_FILE = "MyMed/MyMed-Info.plist";
				IPHONEOS_DEPLOYMENT_TARGET = 4.3;
				OTHER_LDFLAGS = (
					"-all_load",
					"-ObjC",
				);
				PRODUCT_NAME = "$(TARGET_NAME)";
				TARGETED_DEVICE_FAMILY = "1,2";
				WRAPPER_EXTENSION = app;
			};
			name = Release;
		};
/* End XCBuildConfiguration section */

/* Begin XCConfigurationList section */
		141FF57C1423423000FC46F4 /* Build configuration list for PBXProject "MyMed" */ = {
			isa = XCConfigurationList;
			buildConfigurations = (
				141FF59E1423423000FC46F4 /* Debug */,
				141FF59F1423423000FC46F4 /* Release */,
			);
			defaultConfigurationIsVisible = 0;
			defaultConfigurationName = Release;
		};
		141FF5A01423423000FC46F4 /* Build configuration list for PBXNativeTarget "MyMed" */ = {
			isa = XCConfigurationList;
			buildConfigurations = (
				141FF5A11423423000FC46F4 /* Debug */,
				141FF5A21423423000FC46F4 /* Release */,
			);
			defaultConfigurationIsVisible = 0;
			defaultConfigurationName = Release;
		};
/* End XCConfigurationList section */
	};
	rootObject = 141FF5791423423000FC46F4 /* Project object */;
}
