// !$*UTF8*$!
{
	archiveVersion = 1;
	classes = {
	};
	objectVersion = 46;
	objects = {

/* Begin PBXBuildFile section */
		6329D1351712F9730005F0B3 /* FormsViewController.m in Sources */ = {isa = PBXBuildFile; fileRef = 6329D1331712F9730005F0B3 /* FormsViewController.m */; };
		6329D1361712F9730005F0B3 /* FormsViewController.xib in Resources */ = {isa = PBXBuildFile; fileRef = 6329D1341712F9730005F0B3 /* FormsViewController.xib */; };
		6329D13A1712F98D0005F0B3 /* AppointmentViewController.m in Sources */ = {isa = PBXBuildFile; fileRef = 6329D1381712F98D0005F0B3 /* AppointmentViewController.m */; };
		6329D13B1712F98D0005F0B3 /* AppointmentViewController.xib in Resources */ = {isa = PBXBuildFile; fileRef = 6329D1391712F98D0005F0B3 /* AppointmentViewController.xib */; };
		6329D13F1712F9AD0005F0B3 /* ContactsViewController.m in Sources */ = {isa = PBXBuildFile; fileRef = 6329D13D1712F9AD0005F0B3 /* ContactsViewController.m */; };
		6329D1401712F9AD0005F0B3 /* ContactsViewController.xib in Resources */ = {isa = PBXBuildFile; fileRef = 6329D13E1712F9AD0005F0B3 /* ContactsViewController.xib */; };
		6329D14F1712FB5B0005F0B3 /* calendar.png in Resources */ = {isa = PBXBuildFile; fileRef = 6329D1431712FB5B0005F0B3 /* calendar.png */; };
		6329D1501712FB5B0005F0B3 /* calendar@2x.png in Resources */ = {isa = PBXBuildFile; fileRef = 6329D1441712FB5B0005F0B3 /* calendar@2x.png */; };
		6329D1511712FB5B0005F0B3 /* case.png in Resources */ = {isa = PBXBuildFile; fileRef = 6329D1451712FB5B0005F0B3 /* case.png */; };
		6329D1521712FB5B0005F0B3 /* case@2x.png in Resources */ = {isa = PBXBuildFile; fileRef = 6329D1461712FB5B0005F0B3 /* case@2x.png */; };
		6329D1531712FB5B0005F0B3 /* copy.png in Resources */ = {isa = PBXBuildFile; fileRef = 6329D1471712FB5B0005F0B3 /* copy.png */; };
		6329D1541712FB5B0005F0B3 /* copy@2x.png in Resources */ = {isa = PBXBuildFile; fileRef = 6329D1481712FB5B0005F0B3 /* copy@2x.png */; };
		6329D1551712FB5B0005F0B3 /* document.png in Resources */ = {isa = PBXBuildFile; fileRef = 6329D1491712FB5B0005F0B3 /* document.png */; };
		6329D1561712FB5B0005F0B3 /* document@2x.png in Resources */ = {isa = PBXBuildFile; fileRef = 6329D14A1712FB5B0005F0B3 /* document@2x.png */; };
		6329D1571712FB5B0005F0B3 /* mail.png in Resources */ = {isa = PBXBuildFile; fileRef = 6329D14B1712FB5B0005F0B3 /* mail.png */; };
		6329D1581712FB5B0005F0B3 /* mail@2x.png in Resources */ = {isa = PBXBuildFile; fileRef = 6329D14C1712FB5B0005F0B3 /* mail@2x.png */; };
		6329D1591712FB5B0005F0B3 /* newspaper.png in Resources */ = {isa = PBXBuildFile; fileRef = 6329D14D1712FB5B0005F0B3 /* newspaper.png */; };
		6329D15A1712FB5B0005F0B3 /* newspaper@2x.png in Resources */ = {isa = PBXBuildFile; fileRef = 6329D14E1712FB5B0005F0B3 /* newspaper@2x.png */; };
		63D32B76170325DE00ECA33E /* UIKit.framework in Frameworks */ = {isa = PBXBuildFile; fileRef = 63D32B75170325DE00ECA33E /* UIKit.framework */; };
		63D32B78170325DE00ECA33E /* Foundation.framework in Frameworks */ = {isa = PBXBuildFile; fileRef = 63D32B77170325DE00ECA33E /* Foundation.framework */; };
		63D32B7A170325DE00ECA33E /* CoreGraphics.framework in Frameworks */ = {isa = PBXBuildFile; fileRef = 63D32B79170325DE00ECA33E /* CoreGraphics.framework */; };
		63D32B80170325DE00ECA33E /* InfoPlist.strings in Resources */ = {isa = PBXBuildFile; fileRef = 63D32B7E170325DE00ECA33E /* InfoPlist.strings */; };
		63D32B82170325DE00ECA33E /* main.m in Sources */ = {isa = PBXBuildFile; fileRef = 63D32B81170325DE00ECA33E /* main.m */; };
		63D32B86170325DE00ECA33E /* AppDelegate.m in Sources */ = {isa = PBXBuildFile; fileRef = 63D32B85170325DE00ECA33E /* AppDelegate.m */; };
		63D32B88170325DE00ECA33E /* Default.png in Resources */ = {isa = PBXBuildFile; fileRef = 63D32B87170325DE00ECA33E /* Default.png */; };
		63D32B8A170325DE00ECA33E /* Default@2x.png in Resources */ = {isa = PBXBuildFile; fileRef = 63D32B89170325DE00ECA33E /* Default@2x.png */; };
		63D32B8C170325DE00ECA33E /* Default-568h@2x.png in Resources */ = {isa = PBXBuildFile; fileRef = 63D32B8B170325DE00ECA33E /* Default-568h@2x.png */; };
		63D32B8F170325DE00ECA33E /* NewsViewController.m in Sources */ = {isa = PBXBuildFile; fileRef = 63D32B8E170325DE00ECA33E /* NewsViewController.m */; };
		63D32B96170325DE00ECA33E /* ServicesViewController.m in Sources */ = {isa = PBXBuildFile; fileRef = 63D32B95170325DE00ECA33E /* ServicesViewController.m */; };
		63D32B9D170325DE00ECA33E /* NewsViewController.xib in Resources */ = {isa = PBXBuildFile; fileRef = 63D32B9B170325DE00ECA33E /* NewsViewController.xib */; };
		63D32BA3170325DE00ECA33E /* ServicesViewController.xib in Resources */ = {isa = PBXBuildFile; fileRef = 63D32BA1170325DE00ECA33E /* ServicesViewController.xib */; };
/* End PBXBuildFile section */

/* Begin PBXFileReference section */
		6329D1321712F9730005F0B3 /* FormsViewController.h */ = {isa = PBXFileReference; fileEncoding = 4; lastKnownFileType = sourcecode.c.h; path = FormsViewController.h; sourceTree = "<group>"; };
		6329D1331712F9730005F0B3 /* FormsViewController.m */ = {isa = PBXFileReference; fileEncoding = 4; lastKnownFileType = sourcecode.c.objc; path = FormsViewController.m; sourceTree = "<group>"; };
		6329D1341712F9730005F0B3 /* FormsViewController.xib */ = {isa = PBXFileReference; fileEncoding = 4; lastKnownFileType = file.xib; path = FormsViewController.xib; sourceTree = "<group>"; };
		6329D1371712F98D0005F0B3 /* AppointmentViewController.h */ = {isa = PBXFileReference; fileEncoding = 4; lastKnownFileType = sourcecode.c.h; path = AppointmentViewController.h; sourceTree = "<group>"; };
		6329D1381712F98D0005F0B3 /* AppointmentViewController.m */ = {isa = PBXFileReference; fileEncoding = 4; lastKnownFileType = sourcecode.c.objc; path = AppointmentViewController.m; sourceTree = "<group>"; };
		6329D1391712F98D0005F0B3 /* AppointmentViewController.xib */ = {isa = PBXFileReference; fileEncoding = 4; lastKnownFileType = file.xib; path = AppointmentViewController.xib; sourceTree = "<group>"; };
		6329D13C1712F9AD0005F0B3 /* ContactsViewController.h */ = {isa = PBXFileReference; fileEncoding = 4; lastKnownFileType = sourcecode.c.h; path = ContactsViewController.h; sourceTree = "<group>"; };
		6329D13D1712F9AD0005F0B3 /* ContactsViewController.m */ = {isa = PBXFileReference; fileEncoding = 4; lastKnownFileType = sourcecode.c.objc; path = ContactsViewController.m; sourceTree = "<group>"; };
		6329D13E1712F9AD0005F0B3 /* ContactsViewController.xib */ = {isa = PBXFileReference; fileEncoding = 4; lastKnownFileType = file.xib; path = ContactsViewController.xib; sourceTree = "<group>"; };
		6329D1431712FB5B0005F0B3 /* calendar.png */ = {isa = PBXFileReference; lastKnownFileType = image.png; path = calendar.png; sourceTree = "<group>"; };
		6329D1441712FB5B0005F0B3 /* calendar@2x.png */ = {isa = PBXFileReference; lastKnownFileType = image.png; path = "calendar@2x.png"; sourceTree = "<group>"; };
		6329D1451712FB5B0005F0B3 /* case.png */ = {isa = PBXFileReference; lastKnownFileType = image.png; path = case.png; sourceTree = "<group>"; };
		6329D1461712FB5B0005F0B3 /* case@2x.png */ = {isa = PBXFileReference; lastKnownFileType = image.png; path = "case@2x.png"; sourceTree = "<group>"; };
		6329D1471712FB5B0005F0B3 /* copy.png */ = {isa = PBXFileReference; lastKnownFileType = image.png; path = copy.png; sourceTree = "<group>"; };
		6329D1481712FB5B0005F0B3 /* copy@2x.png */ = {isa = PBXFileReference; lastKnownFileType = image.png; path = "copy@2x.png"; sourceTree = "<group>"; };
		6329D1491712FB5B0005F0B3 /* document.png */ = {isa = PBXFileReference; lastKnownFileType = image.png; path = document.png; sourceTree = "<group>"; };
		6329D14A1712FB5B0005F0B3 /* document@2x.png */ = {isa = PBXFileReference; lastKnownFileType = image.png; path = "document@2x.png"; sourceTree = "<group>"; };
		6329D14B1712FB5B0005F0B3 /* mail.png */ = {isa = PBXFileReference; lastKnownFileType = image.png; path = mail.png; sourceTree = "<group>"; };
		6329D14C1712FB5B0005F0B3 /* mail@2x.png */ = {isa = PBXFileReference; lastKnownFileType = image.png; path = "mail@2x.png"; sourceTree = "<group>"; };
		6329D14D1712FB5B0005F0B3 /* newspaper.png */ = {isa = PBXFileReference; lastKnownFileType = image.png; path = newspaper.png; sourceTree = "<group>"; };
		6329D14E1712FB5B0005F0B3 /* newspaper@2x.png */ = {isa = PBXFileReference; lastKnownFileType = image.png; path = "newspaper@2x.png"; sourceTree = "<group>"; };
		63D32B72170325DE00ECA33E /* myConsolato.app */ = {isa = PBXFileReference; explicitFileType = wrapper.application; includeInIndex = 0; path = myConsolato.app; sourceTree = BUILT_PRODUCTS_DIR; };
		63D32B75170325DE00ECA33E /* UIKit.framework */ = {isa = PBXFileReference; lastKnownFileType = wrapper.framework; name = UIKit.framework; path = System/Library/Frameworks/UIKit.framework; sourceTree = SDKROOT; };
		63D32B77170325DE00ECA33E /* Foundation.framework */ = {isa = PBXFileReference; lastKnownFileType = wrapper.framework; name = Foundation.framework; path = System/Library/Frameworks/Foundation.framework; sourceTree = SDKROOT; };
		63D32B79170325DE00ECA33E /* CoreGraphics.framework */ = {isa = PBXFileReference; lastKnownFileType = wrapper.framework; name = CoreGraphics.framework; path = System/Library/Frameworks/CoreGraphics.framework; sourceTree = SDKROOT; };
		63D32B7D170325DE00ECA33E /* myConsolato-Info.plist */ = {isa = PBXFileReference; lastKnownFileType = text.plist.xml; path = "myConsolato-Info.plist"; sourceTree = "<group>"; };
		63D32B7F170325DE00ECA33E /* en */ = {isa = PBXFileReference; lastKnownFileType = text.plist.strings; name = en; path = en.lproj/InfoPlist.strings; sourceTree = "<group>"; };
		63D32B81170325DE00ECA33E /* main.m */ = {isa = PBXFileReference; lastKnownFileType = sourcecode.c.objc; path = main.m; sourceTree = "<group>"; };
		63D32B83170325DE00ECA33E /* myConsolato-Prefix.pch */ = {isa = PBXFileReference; lastKnownFileType = sourcecode.c.h; path = "myConsolato-Prefix.pch"; sourceTree = "<group>"; };
		63D32B84170325DE00ECA33E /* AppDelegate.h */ = {isa = PBXFileReference; lastKnownFileType = sourcecode.c.h; path = AppDelegate.h; sourceTree = "<group>"; };
		63D32B85170325DE00ECA33E /* AppDelegate.m */ = {isa = PBXFileReference; lastKnownFileType = sourcecode.c.objc; path = AppDelegate.m; sourceTree = "<group>"; };
		63D32B87170325DE00ECA33E /* Default.png */ = {isa = PBXFileReference; lastKnownFileType = image.png; path = Default.png; sourceTree = "<group>"; };
		63D32B89170325DE00ECA33E /* Default@2x.png */ = {isa = PBXFileReference; lastKnownFileType = image.png; path = "Default@2x.png"; sourceTree = "<group>"; };
		63D32B8B170325DE00ECA33E /* Default-568h@2x.png */ = {isa = PBXFileReference; lastKnownFileType = image.png; path = "Default-568h@2x.png"; sourceTree = "<group>"; };
		63D32B8D170325DE00ECA33E /* NewsViewController.h */ = {isa = PBXFileReference; lastKnownFileType = sourcecode.c.h; path = NewsViewController.h; sourceTree = "<group>"; };
		63D32B8E170325DE00ECA33E /* NewsViewController.m */ = {isa = PBXFileReference; lastKnownFileType = sourcecode.c.objc; path = NewsViewController.m; sourceTree = "<group>"; };
		63D32B94170325DE00ECA33E /* ServicesViewController.h */ = {isa = PBXFileReference; lastKnownFileType = sourcecode.c.h; path = ServicesViewController.h; sourceTree = "<group>"; };
		63D32B95170325DE00ECA33E /* ServicesViewController.m */ = {isa = PBXFileReference; lastKnownFileType = sourcecode.c.objc; path = ServicesViewController.m; sourceTree = "<group>"; };
		63D32B9C170325DE00ECA33E /* en */ = {isa = PBXFileReference; lastKnownFileType = file.xib; name = en; path = en.lproj/NewsViewController.xib; sourceTree = "<group>"; };
		63D32BA2170325DE00ECA33E /* en */ = {isa = PBXFileReference; lastKnownFileType = file.xib; name = en; path = en.lproj/ServicesViewController.xib; sourceTree = "<group>"; };
/* End PBXFileReference section */

/* Begin PBXFrameworksBuildPhase section */
		63D32B6F170325DE00ECA33E /* Frameworks */ = {
			isa = PBXFrameworksBuildPhase;
			buildActionMask = 2147483647;
			files = (
				63D32B76170325DE00ECA33E /* UIKit.framework in Frameworks */,
				63D32B78170325DE00ECA33E /* Foundation.framework in Frameworks */,
				63D32B7A170325DE00ECA33E /* CoreGraphics.framework in Frameworks */,
			);
			runOnlyForDeploymentPostprocessing = 0;
		};
/* End PBXFrameworksBuildPhase section */

/* Begin PBXGroup section */
		6329D1421712FB5B0005F0B3 /* imgs */ = {
			isa = PBXGroup;
			children = (
				6329D1431712FB5B0005F0B3 /* calendar.png */,
				6329D1441712FB5B0005F0B3 /* calendar@2x.png */,
				6329D1451712FB5B0005F0B3 /* case.png */,
				6329D1461712FB5B0005F0B3 /* case@2x.png */,
				6329D1471712FB5B0005F0B3 /* copy.png */,
				6329D1481712FB5B0005F0B3 /* copy@2x.png */,
				6329D1491712FB5B0005F0B3 /* document.png */,
				6329D14A1712FB5B0005F0B3 /* document@2x.png */,
				6329D14B1712FB5B0005F0B3 /* mail.png */,
				6329D14C1712FB5B0005F0B3 /* mail@2x.png */,
				6329D14D1712FB5B0005F0B3 /* newspaper.png */,
				6329D14E1712FB5B0005F0B3 /* newspaper@2x.png */,
			);
			path = imgs;
			sourceTree = SOURCE_ROOT;
		};
		63D32B69170325DE00ECA33E = {
			isa = PBXGroup;
			children = (
				63D32B7B170325DE00ECA33E /* myConsolato */,
				63D32B74170325DE00ECA33E /* Frameworks */,
				63D32B73170325DE00ECA33E /* Products */,
			);
			sourceTree = "<group>";
		};
		63D32B73170325DE00ECA33E /* Products */ = {
			isa = PBXGroup;
			children = (
				63D32B72170325DE00ECA33E /* myConsolato.app */,
			);
			name = Products;
			sourceTree = "<group>";
		};
		63D32B74170325DE00ECA33E /* Frameworks */ = {
			isa = PBXGroup;
			children = (
				63D32B75170325DE00ECA33E /* UIKit.framework */,
				63D32B77170325DE00ECA33E /* Foundation.framework */,
				63D32B79170325DE00ECA33E /* CoreGraphics.framework */,
			);
			name = Frameworks;
			sourceTree = "<group>";
		};
		63D32B7B170325DE00ECA33E /* myConsolato */ = {
			isa = PBXGroup;
			children = (
				6329D1421712FB5B0005F0B3 /* imgs */,
				63D32BB0170326B600ECA33E /* contacts */,
				63D32BAF170326A200ECA33E /* appointment */,
				63D32BAE1703269100ECA33E /* forms */,
				63D32BAD1703268800ECA33E /* services */,
				63D32BAC1703267E00ECA33E /* news */,
				63D32B84170325DE00ECA33E /* AppDelegate.h */,
				63D32B85170325DE00ECA33E /* AppDelegate.m */,
				63D32B7C170325DE00ECA33E /* Supporting Files */,
			);
			path = myConsolato;
			sourceTree = "<group>";
		};
		63D32B7C170325DE00ECA33E /* Supporting Files */ = {
			isa = PBXGroup;
			children = (
				63D32B7D170325DE00ECA33E /* myConsolato-Info.plist */,
				63D32B7E170325DE00ECA33E /* InfoPlist.strings */,
				63D32B81170325DE00ECA33E /* main.m */,
				63D32B83170325DE00ECA33E /* myConsolato-Prefix.pch */,
				63D32B87170325DE00ECA33E /* Default.png */,
				63D32B89170325DE00ECA33E /* Default@2x.png */,
				63D32B8B170325DE00ECA33E /* Default-568h@2x.png */,
			);
			name = "Supporting Files";
			sourceTree = "<group>";
		};
		63D32BAC1703267E00ECA33E /* news */ = {
			isa = PBXGroup;
			children = (
				63D32B8D170325DE00ECA33E /* NewsViewController.h */,
				63D32B8E170325DE00ECA33E /* NewsViewController.m */,
				63D32B9B170325DE00ECA33E /* NewsViewController.xib */,
			);
			name = news;
			sourceTree = "<group>";
		};
		63D32BAD1703268800ECA33E /* services */ = {
			isa = PBXGroup;
			children = (
				63D32B94170325DE00ECA33E /* ServicesViewController.h */,
				63D32B95170325DE00ECA33E /* ServicesViewController.m */,
				63D32BA1170325DE00ECA33E /* ServicesViewController.xib */,
			);
			name = services;
			sourceTree = "<group>";
		};
		63D32BAE1703269100ECA33E /* forms */ = {
			isa = PBXGroup;
			children = (
				6329D1321712F9730005F0B3 /* FormsViewController.h */,
				6329D1331712F9730005F0B3 /* FormsViewController.m */,
				6329D1341712F9730005F0B3 /* FormsViewController.xib */,
			);
			name = forms;
			sourceTree = "<group>";
		};
		63D32BAF170326A200ECA33E /* appointment */ = {
			isa = PBXGroup;
			children = (
				6329D1371712F98D0005F0B3 /* AppointmentViewController.h */,
				6329D1381712F98D0005F0B3 /* AppointmentViewController.m */,
				6329D1391712F98D0005F0B3 /* AppointmentViewController.xib */,
			);
			name = appointment;
			sourceTree = "<group>";
		};
		63D32BB0170326B600ECA33E /* contacts */ = {
			isa = PBXGroup;
			children = (
				6329D13C1712F9AD0005F0B3 /* ContactsViewController.h */,
				6329D13D1712F9AD0005F0B3 /* ContactsViewController.m */,
				6329D13E1712F9AD0005F0B3 /* ContactsViewController.xib */,
			);
			name = contacts;
			sourceTree = "<group>";
		};
/* End PBXGroup section */

/* Begin PBXNativeTarget section */
		63D32B71170325DE00ECA33E /* myConsolato */ = {
			isa = PBXNativeTarget;
			buildConfigurationList = 63D32BA9170325DE00ECA33E /* Build configuration list for PBXNativeTarget "myConsolato" */;
			buildPhases = (
				63D32B6E170325DE00ECA33E /* Sources */,
				63D32B6F170325DE00ECA33E /* Frameworks */,
				63D32B70170325DE00ECA33E /* Resources */,
			);
			buildRules = (
			);
			dependencies = (
			);
			name = myConsolato;
			productName = myConsolato;
			productReference = 63D32B72170325DE00ECA33E /* myConsolato.app */;
			productType = "com.apple.product-type.application";
		};
/* End PBXNativeTarget section */

/* Begin PBXProject section */
		63D32B6A170325DE00ECA33E /* Project object */ = {
			isa = PBXProject;
			attributes = {
				LastUpgradeCheck = 0460;
				ORGANIZATIONNAME = myMed;
			};
			buildConfigurationList = 63D32B6D170325DE00ECA33E /* Build configuration list for PBXProject "myConsolato" */;
			compatibilityVersion = "Xcode 3.2";
			developmentRegion = English;
			hasScannedForEncodings = 0;
			knownRegions = (
				en,
			);
			mainGroup = 63D32B69170325DE00ECA33E;
			productRefGroup = 63D32B73170325DE00ECA33E /* Products */;
			projectDirPath = "";
			projectRoot = "";
			targets = (
				63D32B71170325DE00ECA33E /* myConsolato */,
			);
		};
/* End PBXProject section */

/* Begin PBXResourcesBuildPhase section */
		63D32B70170325DE00ECA33E /* Resources */ = {
			isa = PBXResourcesBuildPhase;
			buildActionMask = 2147483647;
			files = (
				63D32B80170325DE00ECA33E /* InfoPlist.strings in Resources */,
				63D32B88170325DE00ECA33E /* Default.png in Resources */,
				63D32B8A170325DE00ECA33E /* Default@2x.png in Resources */,
				63D32B8C170325DE00ECA33E /* Default-568h@2x.png in Resources */,
				63D32B9D170325DE00ECA33E /* NewsViewController.xib in Resources */,
				63D32BA3170325DE00ECA33E /* ServicesViewController.xib in Resources */,
				6329D1361712F9730005F0B3 /* FormsViewController.xib in Resources */,
				6329D13B1712F98D0005F0B3 /* AppointmentViewController.xib in Resources */,
				6329D1401712F9AD0005F0B3 /* ContactsViewController.xib in Resources */,
				6329D14F1712FB5B0005F0B3 /* calendar.png in Resources */,
				6329D1501712FB5B0005F0B3 /* calendar@2x.png in Resources */,
				6329D1511712FB5B0005F0B3 /* case.png in Resources */,
				6329D1521712FB5B0005F0B3 /* case@2x.png in Resources */,
				6329D1531712FB5B0005F0B3 /* copy.png in Resources */,
				6329D1541712FB5B0005F0B3 /* copy@2x.png in Resources */,
				6329D1551712FB5B0005F0B3 /* document.png in Resources */,
				6329D1561712FB5B0005F0B3 /* document@2x.png in Resources */,
				6329D1571712FB5B0005F0B3 /* mail.png in Resources */,
				6329D1581712FB5B0005F0B3 /* mail@2x.png in Resources */,
				6329D1591712FB5B0005F0B3 /* newspaper.png in Resources */,
				6329D15A1712FB5B0005F0B3 /* newspaper@2x.png in Resources */,
			);
			runOnlyForDeploymentPostprocessing = 0;
		};
/* End PBXResourcesBuildPhase section */

/* Begin PBXSourcesBuildPhase section */
		63D32B6E170325DE00ECA33E /* Sources */ = {
			isa = PBXSourcesBuildPhase;
			buildActionMask = 2147483647;
			files = (
				63D32B82170325DE00ECA33E /* main.m in Sources */,
				63D32B86170325DE00ECA33E /* AppDelegate.m in Sources */,
				63D32B8F170325DE00ECA33E /* NewsViewController.m in Sources */,
				63D32B96170325DE00ECA33E /* ServicesViewController.m in Sources */,
				6329D1351712F9730005F0B3 /* FormsViewController.m in Sources */,
				6329D13A1712F98D0005F0B3 /* AppointmentViewController.m in Sources */,
				6329D13F1712F9AD0005F0B3 /* ContactsViewController.m in Sources */,
			);
			runOnlyForDeploymentPostprocessing = 0;
		};
/* End PBXSourcesBuildPhase section */

/* Begin PBXVariantGroup section */
		63D32B7E170325DE00ECA33E /* InfoPlist.strings */ = {
			isa = PBXVariantGroup;
			children = (
				63D32B7F170325DE00ECA33E /* en */,
			);
			name = InfoPlist.strings;
			sourceTree = "<group>";
		};
		63D32B9B170325DE00ECA33E /* NewsViewController.xib */ = {
			isa = PBXVariantGroup;
			children = (
				63D32B9C170325DE00ECA33E /* en */,
			);
			name = NewsViewController.xib;
			sourceTree = "<group>";
		};
		63D32BA1170325DE00ECA33E /* ServicesViewController.xib */ = {
			isa = PBXVariantGroup;
			children = (
				63D32BA2170325DE00ECA33E /* en */,
			);
			name = ServicesViewController.xib;
			sourceTree = "<group>";
		};
/* End PBXVariantGroup section */

/* Begin XCBuildConfiguration section */
		63D32BA7170325DE00ECA33E /* Debug */ = {
			isa = XCBuildConfiguration;
			buildSettings = {
				ALWAYS_SEARCH_USER_PATHS = NO;
				CLANG_CXX_LANGUAGE_STANDARD = "gnu++0x";
				CLANG_CXX_LIBRARY = "libc++";
				CLANG_ENABLE_OBJC_ARC = YES;
				CLANG_WARN_CONSTANT_CONVERSION = YES;
				CLANG_WARN_EMPTY_BODY = YES;
				CLANG_WARN_ENUM_CONVERSION = YES;
				CLANG_WARN_INT_CONVERSION = YES;
				CLANG_WARN__DUPLICATE_METHOD_MATCH = YES;
				"CODE_SIGN_IDENTITY[sdk=iphoneos*]" = "iPhone Developer";
				COPY_PHASE_STRIP = NO;
				GCC_C_LANGUAGE_STANDARD = gnu99;
				GCC_DYNAMIC_NO_PIC = NO;
				GCC_OPTIMIZATION_LEVEL = 0;
				GCC_PREPROCESSOR_DEFINITIONS = (
					"DEBUG=1",
					"$(inherited)",
				);
				GCC_SYMBOLS_PRIVATE_EXTERN = NO;
				GCC_WARN_ABOUT_RETURN_TYPE = YES;
				GCC_WARN_UNINITIALIZED_AUTOS = YES;
				GCC_WARN_UNUSED_VARIABLE = YES;
				IPHONEOS_DEPLOYMENT_TARGET = 6.1;
				ONLY_ACTIVE_ARCH = YES;
				SDKROOT = iphoneos;
				TARGETED_DEVICE_FAMILY = "1,2";
			};
			name = Debug;
		};
		63D32BA8170325DE00ECA33E /* Release */ = {
			isa = XCBuildConfiguration;
			buildSettings = {
				ALWAYS_SEARCH_USER_PATHS = NO;
				CLANG_CXX_LANGUAGE_STANDARD = "gnu++0x";
				CLANG_CXX_LIBRARY = "libc++";
				CLANG_ENABLE_OBJC_ARC = YES;
				CLANG_WARN_CONSTANT_CONVERSION = YES;
				CLANG_WARN_EMPTY_BODY = YES;
				CLANG_WARN_ENUM_CONVERSION = YES;
				CLANG_WARN_INT_CONVERSION = YES;
				CLANG_WARN__DUPLICATE_METHOD_MATCH = YES;
				"CODE_SIGN_IDENTITY[sdk=iphoneos*]" = "iPhone Developer";
				COPY_PHASE_STRIP = YES;
				GCC_C_LANGUAGE_STANDARD = gnu99;
				GCC_WARN_ABOUT_RETURN_TYPE = YES;
				GCC_WARN_UNINITIALIZED_AUTOS = YES;
				GCC_WARN_UNUSED_VARIABLE = YES;
				IPHONEOS_DEPLOYMENT_TARGET = 6.1;
				OTHER_CFLAGS = "-DNS_BLOCK_ASSERTIONS=1";
				SDKROOT = iphoneos;
				TARGETED_DEVICE_FAMILY = "1,2";
				VALIDATE_PRODUCT = YES;
			};
			name = Release;
		};
		63D32BAA170325DE00ECA33E /* Debug */ = {
			isa = XCBuildConfiguration;
			buildSettings = {
				GCC_PRECOMPILE_PREFIX_HEADER = YES;
				GCC_PREFIX_HEADER = "myConsolato/myConsolato-Prefix.pch";
				INFOPLIST_FILE = "myConsolato/myConsolato-Info.plist";
				IPHONEOS_DEPLOYMENT_TARGET = 6.0;
				PRODUCT_NAME = "$(TARGET_NAME)";
				WRAPPER_EXTENSION = app;
			};
			name = Debug;
		};
		63D32BAB170325DE00ECA33E /* Release */ = {
			isa = XCBuildConfiguration;
			buildSettings = {
				GCC_PRECOMPILE_PREFIX_HEADER = YES;
				GCC_PREFIX_HEADER = "myConsolato/myConsolato-Prefix.pch";
				INFOPLIST_FILE = "myConsolato/myConsolato-Info.plist";
				IPHONEOS_DEPLOYMENT_TARGET = 6.0;
				PRODUCT_NAME = "$(TARGET_NAME)";
				WRAPPER_EXTENSION = app;
			};
			name = Release;
		};
/* End XCBuildConfiguration section */

/* Begin XCConfigurationList section */
		63D32B6D170325DE00ECA33E /* Build configuration list for PBXProject "myConsolato" */ = {
			isa = XCConfigurationList;
			buildConfigurations = (
				63D32BA7170325DE00ECA33E /* Debug */,
				63D32BA8170325DE00ECA33E /* Release */,
			);
			defaultConfigurationIsVisible = 0;
			defaultConfigurationName = Release;
		};
		63D32BA9170325DE00ECA33E /* Build configuration list for PBXNativeTarget "myConsolato" */ = {
			isa = XCConfigurationList;
			buildConfigurations = (
				63D32BAA170325DE00ECA33E /* Debug */,
				63D32BAB170325DE00ECA33E /* Release */,
			);
			defaultConfigurationIsVisible = 0;
			defaultConfigurationName = Release;
		};
/* End XCConfigurationList section */
	};
	rootObject = 63D32B6A170325DE00ECA33E /* Project object */;
}
